
Microsoft Visual Studio Solution File, Format Version 12.00
# Visual Studio Version 16
VisualStudioVersion = 16.0.30330.147
MinimumVisualStudioVersion = 10.0.40219.1
Project("{9A19103F-16F7-4668-BE54-9A1E7A4F7556}") = "WhenINeedToWork", "WhenINeedToWork\WhenINeedToWork.csproj", "{12647609-497F-4BD4-8A29-630B20617E1F}"
EndProject
Project("{FAE04EC0-301F-11D3-BF4B-00C04F79EFBC}") = "WhenINeedToWork.Models", "WhenINeedToWork.Models\WhenINeedToWork.Models.csproj", "{062062DD-9596-498A-B025-772D577BABAD}"
EndProject
Project("{FAE04EC0-301F-11D3-BF4B-00C04F79EFBC}") = "WhenINeedToWork.Services", "WhenINeedToWork.Services\WhenINeedToWork.Services.csproj", "{7B0E3185-2614-4F10-B4E1-56A6061695E4}"
EndProject
Global
	GlobalSection(SolutionConfigurationPlatforms) = preSolution
		Debug|Any CPU = Debug|Any CPU
		Release|Any CPU = Release|Any CPU
	EndGlobalSection
	GlobalSection(ProjectConfigurationPlatforms) = postSolution
		{12647609-497F-4BD4-8A29-630B20617E1F}.Debug|Any CPU.ActiveCfg = Debug|Any CPU
		{12647609-497F-4BD4-8A29-630B20617E1F}.Debug|Any CPU.Build.0 = Debug|Any CPU
		{12647609-497F-4BD4-8A29-630B20617E1F}.Release|Any CPU.ActiveCfg = Release|Any CPU
		{12647609-497F-4BD4-8A29-630B20617E1F}.Release|Any CPU.Build.0 = Release|Any CPU
		{062062DD-9596-498A-B025-772D577BABAD}.Debug|Any CPU.ActiveCfg = Debug|Any CPU
		{062062DD-9596-498A-B025-772D577BABAD}.Debug|Any CPU.Build.0 = Debug|Any CPU
		{062062DD-9596-498A-B025-772D577BABAD}.Release|Any CPU.ActiveCfg = Release|Any CPU
		{062062DD-9596-498A-B025-772D577BABAD}.Release|Any CPU.Build.0 = Release|Any CPU
		{7B0E3185-2614-4F10-B4E1-56A6061695E4}.Debug|Any CPU.ActiveCfg = Debug|Any CPU
		{7B0E3185-2614-4F10-B4E1-56A6061695E4}.Debug|Any CPU.Build.0 = Debug|Any CPU
		{7B0E3185-2614-4F10-B4E1-56A6061695E4}.Release|Any CPU.ActiveCfg = Release|Any CPU
		{7B0E3185-2614-4F10-B4E1-56A6061695E4}.Release|Any CPU.Build.0 = Release|Any CPU
	EndGlobalSection
	GlobalSection(SolutionProperties) = preSolution
		HideSolutionNode = FALSE
	EndGlobalSection
	GlobalSection(ExtensibilityGlobals) = postSolution
		SolutionGuid = {118A8AD7-4BF0-49FB-8E86-CD646346691D}
	EndGlobalSection
EndGlobal
